// !$*UTF8*$!
{
	archiveVersion = 1;
	classes = {
	};
	objectVersion = 51;
	objects = {

/* Begin PBXBuildFile section */
		56E2A6AD40220903AF1AC583 /* Pods_Mobillium_Movie.framework in Frameworks */ = {isa = PBXBuildFile; fileRef = F442784EBC9A736FCC2619A0 /* Pods_Mobillium_Movie.framework */; };
		DB39056B24EEFE2C001B8092 /* AppDelegate.swift in Sources */ = {isa = PBXBuildFile; fileRef = DB39056A24EEFE2C001B8092 /* AppDelegate.swift */; };
		DB39056F24EEFE2C001B8092 /* ViewController.swift in Sources */ = {isa = PBXBuildFile; fileRef = DB39056E24EEFE2C001B8092 /* ViewController.swift */; };
		DB39057424EEFE2E001B8092 /* Assets.xcassets in Resources */ = {isa = PBXBuildFile; fileRef = DB39057324EEFE2E001B8092 /* Assets.xcassets */; };
		DB39057724EEFE2E001B8092 /* LaunchScreen.storyboard in Resources */ = {isa = PBXBuildFile; fileRef = DB39057524EEFE2E001B8092 /* LaunchScreen.storyboard */; };
		DB39058224EEFE2E001B8092 /* Mobillium_MovieTests.swift in Sources */ = {isa = PBXBuildFile; fileRef = DB39058124EEFE2E001B8092 /* Mobillium_MovieTests.swift */; };
		DB39058D24EEFE2E001B8092 /* Mobillium_MovieUITests.swift in Sources */ = {isa = PBXBuildFile; fileRef = DB39058C24EEFE2E001B8092 /* Mobillium_MovieUITests.swift */; };
		E179139462D8C8E7DC9981A1 /* Pods_Mobillium_Movie_Mobillium_MovieUITests.framework in Frameworks */ = {isa = PBXBuildFile; fileRef = B87332E6F2D9C2B245E2915C /* Pods_Mobillium_Movie_Mobillium_MovieUITests.framework */; };
		F2BAD598194C221674EECD0F /* Pods_Mobillium_MovieTests.framework in Frameworks */ = {isa = PBXBuildFile; fileRef = B591624C09D5550F192DE0C9 /* Pods_Mobillium_MovieTests.framework */; };
/* End PBXBuildFile section */

/* Begin PBXContainerItemProxy section */
		DB39057E24EEFE2E001B8092 /* PBXContainerItemProxy */ = {
			isa = PBXContainerItemProxy;
			containerPortal = DB39055F24EEFE2C001B8092 /* Project object */;
			proxyType = 1;
			remoteGlobalIDString = DB39056624EEFE2C001B8092;
			remoteInfo = "Mobillium Movie";
		};
		DB39058924EEFE2E001B8092 /* PBXContainerItemProxy */ = {
			isa = PBXContainerItemProxy;
			containerPortal = DB39055F24EEFE2C001B8092 /* Project object */;
			proxyType = 1;
			remoteGlobalIDString = DB39056624EEFE2C001B8092;
			remoteInfo = "Mobillium Movie";
		};
/* End PBXContainerItemProxy section */

/* Begin PBXFileReference section */
		10262F008D2AE3C167E6922B /* Pods-Mobillium Movie.release.xcconfig */ = {isa = PBXFileReference; includeInIndex = 1; lastKnownFileType = text.xcconfig; name = "Pods-Mobillium Movie.release.xcconfig"; path = "Target Support Files/Pods-Mobillium Movie/Pods-Mobillium Movie.release.xcconfig"; sourceTree = "<group>"; };
		206469A3CF9A929968FFA82B /* Pods-Mobillium MovieTests.debug.xcconfig */ = {isa = PBXFileReference; includeInIndex = 1; lastKnownFileType = text.xcconfig; name = "Pods-Mobillium MovieTests.debug.xcconfig"; path = "Target Support Files/Pods-Mobillium MovieTests/Pods-Mobillium MovieTests.debug.xcconfig"; sourceTree = "<group>"; };
		354833F18073A4D0CCAD8072 /* Pods-Mobillium MovieTests.release.xcconfig */ = {isa = PBXFileReference; includeInIndex = 1; lastKnownFileType = text.xcconfig; name = "Pods-Mobillium MovieTests.release.xcconfig"; path = "Target Support Files/Pods-Mobillium MovieTests/Pods-Mobillium MovieTests.release.xcconfig"; sourceTree = "<group>"; };
		80CA16FCB63650D7B5F405BD /* Pods-Mobillium Movie-Mobillium MovieUITests.debug.xcconfig */ = {isa = PBXFileReference; includeInIndex = 1; lastKnownFileType = text.xcconfig; name = "Pods-Mobillium Movie-Mobillium MovieUITests.debug.xcconfig"; path = "Target Support Files/Pods-Mobillium Movie-Mobillium MovieUITests/Pods-Mobillium Movie-Mobillium MovieUITests.debug.xcconfig"; sourceTree = "<group>"; };
		AFBEFA30492125004FE05464 /* Pods-Mobillium Movie-Mobillium MovieUITests.release.xcconfig */ = {isa = PBXFileReference; includeInIndex = 1; lastKnownFileType = text.xcconfig; name = "Pods-Mobillium Movie-Mobillium MovieUITests.release.xcconfig"; path = "Target Support Files/Pods-Mobillium Movie-Mobillium MovieUITests/Pods-Mobillium Movie-Mobillium MovieUITests.release.xcconfig"; sourceTree = "<group>"; };
		B591624C09D5550F192DE0C9 /* Pods_Mobillium_MovieTests.framework */ = {isa = PBXFileReference; explicitFileType = wrapper.framework; includeInIndex = 0; path = Pods_Mobillium_MovieTests.framework; sourceTree = BUILT_PRODUCTS_DIR; };
		B87332E6F2D9C2B245E2915C /* Pods_Mobillium_Movie_Mobillium_MovieUITests.framework */ = {isa = PBXFileReference; explicitFileType = wrapper.framework; includeInIndex = 0; path = Pods_Mobillium_Movie_Mobillium_MovieUITests.framework; sourceTree = BUILT_PRODUCTS_DIR; };
		D0EBB19FBA609D4233A6E36E /* Pods-Mobillium Movie.debug.xcconfig */ = {isa = PBXFileReference; includeInIndex = 1; lastKnownFileType = text.xcconfig; name = "Pods-Mobillium Movie.debug.xcconfig"; path = "Target Support Files/Pods-Mobillium Movie/Pods-Mobillium Movie.debug.xcconfig"; sourceTree = "<group>"; };
		DB39056724EEFE2C001B8092 /* Mobillium Movie.app */ = {isa = PBXFileReference; explicitFileType = wrapper.application; includeInIndex = 0; path = "Mobillium Movie.app"; sourceTree = BUILT_PRODUCTS_DIR; };
		DB39056A24EEFE2C001B8092 /* AppDelegate.swift */ = {isa = PBXFileReference; lastKnownFileType = sourcecode.swift; path = AppDelegate.swift; sourceTree = "<group>"; };
		DB39056E24EEFE2C001B8092 /* ViewController.swift */ = {isa = PBXFileReference; lastKnownFileType = sourcecode.swift; path = ViewController.swift; sourceTree = "<group>"; };
		DB39057324EEFE2E001B8092 /* Assets.xcassets */ = {isa = PBXFileReference; lastKnownFileType = folder.assetcatalog; path = Assets.xcassets; sourceTree = "<group>"; };
		DB39057624EEFE2E001B8092 /* Base */ = {isa = PBXFileReference; lastKnownFileType = file.storyboard; name = Base; path = Base.lproj/LaunchScreen.storyboard; sourceTree = "<group>"; };
		DB39057824EEFE2E001B8092 /* Info.plist */ = {isa = PBXFileReference; lastKnownFileType = text.plist.xml; path = Info.plist; sourceTree = "<group>"; };
		DB39057D24EEFE2E001B8092 /* Mobillium MovieTests.xctest */ = {isa = PBXFileReference; explicitFileType = wrapper.cfbundle; includeInIndex = 0; path = "Mobillium MovieTests.xctest"; sourceTree = BUILT_PRODUCTS_DIR; };
		DB39058124EEFE2E001B8092 /* Mobillium_MovieTests.swift */ = {isa = PBXFileReference; lastKnownFileType = sourcecode.swift; path = Mobillium_MovieTests.swift; sourceTree = "<group>"; };
		DB39058324EEFE2E001B8092 /* Info.plist */ = {isa = PBXFileReference; lastKnownFileType = text.plist.xml; path = Info.plist; sourceTree = "<group>"; };
		DB39058824EEFE2E001B8092 /* Mobillium MovieUITests.xctest */ = {isa = PBXFileReference; explicitFileType = wrapper.cfbundle; includeInIndex = 0; path = "Mobillium MovieUITests.xctest"; sourceTree = BUILT_PRODUCTS_DIR; };
		DB39058C24EEFE2E001B8092 /* Mobillium_MovieUITests.swift */ = {isa = PBXFileReference; lastKnownFileType = sourcecode.swift; path = Mobillium_MovieUITests.swift; sourceTree = "<group>"; };
		DB39058E24EEFE2E001B8092 /* Info.plist */ = {isa = PBXFileReference; lastKnownFileType = text.plist.xml; path = Info.plist; sourceTree = "<group>"; };
		F442784EBC9A736FCC2619A0 /* Pods_Mobillium_Movie.framework */ = {isa = PBXFileReference; explicitFileType = wrapper.framework; includeInIndex = 0; path = Pods_Mobillium_Movie.framework; sourceTree = BUILT_PRODUCTS_DIR; };
/* End PBXFileReference section */

/* Begin PBXFrameworksBuildPhase section */
		DB39056424EEFE2C001B8092 /* Frameworks */ = {
			isa = PBXFrameworksBuildPhase;
			buildActionMask = 2147483647;
			files = (
				56E2A6AD40220903AF1AC583 /* Pods_Mobillium_Movie.framework in Frameworks */,
			);
			runOnlyForDeploymentPostprocessing = 0;
		};
		DB39057A24EEFE2E001B8092 /* Frameworks */ = {
			isa = PBXFrameworksBuildPhase;
			buildActionMask = 2147483647;
			files = (
				F2BAD598194C221674EECD0F /* Pods_Mobillium_MovieTests.framework in Frameworks */,
			);
			runOnlyForDeploymentPostprocessing = 0;
		};
		DB39058524EEFE2E001B8092 /* Frameworks */ = {
			isa = PBXFrameworksBuildPhase;
			buildActionMask = 2147483647;
			files = (
				E179139462D8C8E7DC9981A1 /* Pods_Mobillium_Movie_Mobillium_MovieUITests.framework in Frameworks */,
			);
			runOnlyForDeploymentPostprocessing = 0;
		};
/* End PBXFrameworksBuildPhase section */

/* Begin PBXGroup section */
		DB39055E24EEFE2C001B8092 = {
			isa = PBXGroup;
			children = (
				DB39056924EEFE2C001B8092 /* Mobillium Movie */,
				DB39058024EEFE2E001B8092 /* Mobillium MovieTests */,
				DB39058B24EEFE2E001B8092 /* Mobillium MovieUITests */,
				DB39056824EEFE2C001B8092 /* Products */,
				F99026B98330B1E6D67A971F /* Pods */,
				EAAEDAF6552F33B161E7359C /* Frameworks */,
			);
			sourceTree = "<group>";
		};
		DB39056824EEFE2C001B8092 /* Products */ = {
			isa = PBXGroup;
			children = (
				DB39056724EEFE2C001B8092 /* Mobillium Movie.app */,
				DB39057D24EEFE2E001B8092 /* Mobillium MovieTests.xctest */,
				DB39058824EEFE2E001B8092 /* Mobillium MovieUITests.xctest */,
			);
			name = Products;
			sourceTree = "<group>";
		};
		DB39056924EEFE2C001B8092 /* Mobillium Movie */ = {
			isa = PBXGroup;
			children = (
				DB39056A24EEFE2C001B8092 /* AppDelegate.swift */,
				DB39056E24EEFE2C001B8092 /* ViewController.swift */,
				DB39057324EEFE2E001B8092 /* Assets.xcassets */,
				DB39057524EEFE2E001B8092 /* LaunchScreen.storyboard */,
				DB39057824EEFE2E001B8092 /* Info.plist */,
			);
			path = "Mobillium Movie";
			sourceTree = "<group>";
		};
		DB39058024EEFE2E001B8092 /* Mobillium MovieTests */ = {
			isa = PBXGroup;
			children = (
				DB39058124EEFE2E001B8092 /* Mobillium_MovieTests.swift */,
				DB39058324EEFE2E001B8092 /* Info.plist */,
			);
			path = "Mobillium MovieTests";
			sourceTree = "<group>";
		};
		DB39058B24EEFE2E001B8092 /* Mobillium MovieUITests */ = {
			isa = PBXGroup;
			children = (
				DB39058C24EEFE2E001B8092 /* Mobillium_MovieUITests.swift */,
				DB39058E24EEFE2E001B8092 /* Info.plist */,
			);
			path = "Mobillium MovieUITests";
			sourceTree = "<group>";
		};
		EAAEDAF6552F33B161E7359C /* Frameworks */ = {
			isa = PBXGroup;
			children = (
				F442784EBC9A736FCC2619A0 /* Pods_Mobillium_Movie.framework */,
				B87332E6F2D9C2B245E2915C /* Pods_Mobillium_Movie_Mobillium_MovieUITests.framework */,
				B591624C09D5550F192DE0C9 /* Pods_Mobillium_MovieTests.framework */,
			);
			name = Frameworks;
			sourceTree = "<group>";
		};
		F99026B98330B1E6D67A971F /* Pods */ = {
			isa = PBXGroup;
			children = (
				D0EBB19FBA609D4233A6E36E /* Pods-Mobillium Movie.debug.xcconfig */,
				10262F008D2AE3C167E6922B /* Pods-Mobillium Movie.release.xcconfig */,
				80CA16FCB63650D7B5F405BD /* Pods-Mobillium Movie-Mobillium MovieUITests.debug.xcconfig */,
				AFBEFA30492125004FE05464 /* Pods-Mobillium Movie-Mobillium MovieUITests.release.xcconfig */,
				206469A3CF9A929968FFA82B /* Pods-Mobillium MovieTests.debug.xcconfig */,
				354833F18073A4D0CCAD8072 /* Pods-Mobillium MovieTests.release.xcconfig */,
			);
			path = Pods;
			sourceTree = "<group>";
		};
/* End PBXGroup section */

/* Begin PBXNativeTarget section */
		DB39056624EEFE2C001B8092 /* Mobillium Movie */ = {
			isa = PBXNativeTarget;
			buildConfigurationList = DB39059124EEFE2E001B8092 /* Build configuration list for PBXNativeTarget "Mobillium Movie" */;
			buildPhases = (
				945F7BE697155B06D67EF739 /* [CP] Check Pods Manifest.lock */,
				DB39056324EEFE2C001B8092 /* Sources */,
				DB39056424EEFE2C001B8092 /* Frameworks */,
				DB39056524EEFE2C001B8092 /* Resources */,
				D6CDA4FBA834401ED95684ED /* [CP] Embed Pods Frameworks */,
			);
			buildRules = (
			);
			dependencies = (
			);
			name = "Mobillium Movie";
			productName = "Mobillium Movie";
			productReference = DB39056724EEFE2C001B8092 /* Mobillium Movie.app */;
			productType = "com.apple.product-type.application";
		};
		DB39057C24EEFE2E001B8092 /* Mobillium MovieTests */ = {
			isa = PBXNativeTarget;
			buildConfigurationList = DB39059424EEFE2E001B8092 /* Build configuration list for PBXNativeTarget "Mobillium MovieTests" */;
			buildPhases = (
				E9C54DC1257E1F108AD1675A /* [CP] Check Pods Manifest.lock */,
				DB39057924EEFE2E001B8092 /* Sources */,
				DB39057A24EEFE2E001B8092 /* Frameworks */,
				DB39057B24EEFE2E001B8092 /* Resources */,
			);
			buildRules = (
			);
			dependencies = (
				DB39057F24EEFE2E001B8092 /* PBXTargetDependency */,
			);
			name = "Mobillium MovieTests";
			productName = "Mobillium MovieTests";
			productReference = DB39057D24EEFE2E001B8092 /* Mobillium MovieTests.xctest */;
			productType = "com.apple.product-type.bundle.unit-test";
		};
		DB39058724EEFE2E001B8092 /* Mobillium MovieUITests */ = {
			isa = PBXNativeTarget;
			buildConfigurationList = DB39059724EEFE2E001B8092 /* Build configuration list for PBXNativeTarget "Mobillium MovieUITests" */;
			buildPhases = (
				C7EC51B7B57E6D6E63675F97 /* [CP] Check Pods Manifest.lock */,
				DB39058424EEFE2E001B8092 /* Sources */,
				DB39058524EEFE2E001B8092 /* Frameworks */,
				DB39058624EEFE2E001B8092 /* Resources */,
				684892B2C6B4FB24F9B79984 /* [CP] Embed Pods Frameworks */,
			);
			buildRules = (
			);
			dependencies = (
				DB39058A24EEFE2E001B8092 /* PBXTargetDependency */,
			);
			name = "Mobillium MovieUITests";
			productName = "Mobillium MovieUITests";
			productReference = DB39058824EEFE2E001B8092 /* Mobillium MovieUITests.xctest */;
			productType = "com.apple.product-type.bundle.ui-testing";
		};
/* End PBXNativeTarget section */

/* Begin PBXProject section */
		DB39055F24EEFE2C001B8092 /* Project object */ = {
			isa = PBXProject;
			attributes = {
				LastSwiftUpdateCheck = 1160;
				LastUpgradeCheck = 1160;
				ORGANIZATIONNAME = "Mehmet Tarhan";
				TargetAttributes = {
					DB39056624EEFE2C001B8092 = {
						CreatedOnToolsVersion = 11.6;
					};
					DB39057C24EEFE2E001B8092 = {
						CreatedOnToolsVersion = 11.6;
						TestTargetID = DB39056624EEFE2C001B8092;
					};
					DB39058724EEFE2E001B8092 = {
						CreatedOnToolsVersion = 11.6;
						TestTargetID = DB39056624EEFE2C001B8092;
					};
				};
			};
			buildConfigurationList = DB39056224EEFE2C001B8092 /* Build configuration list for PBXProject "Mobillium Movie" */;
			compatibilityVersion = "Xcode 9.3";
			developmentRegion = en;
			hasScannedForEncodings = 0;
			knownRegions = (
				en,
				Base,
			);
			mainGroup = DB39055E24EEFE2C001B8092;
			productRefGroup = DB39056824EEFE2C001B8092 /* Products */;
			projectDirPath = "";
			projectRoot = "";
			targets = (
				DB39056624EEFE2C001B8092 /* Mobillium Movie */,
				DB39057C24EEFE2E001B8092 /* Mobillium MovieTests */,
				DB39058724EEFE2E001B8092 /* Mobillium MovieUITests */,
			);
		};
/* End PBXProject section */

/* Begin PBXResourcesBuildPhase section */
		DB39056524EEFE2C001B8092 /* Resources */ = {
			isa = PBXResourcesBuildPhase;
			buildActionMask = 2147483647;
			files = (
				DB39057724EEFE2E001B8092 /* LaunchScreen.storyboard in Resources */,
				DB39057424EEFE2E001B8092 /* Assets.xcassets in Resources */,
			);
			runOnlyForDeploymentPostprocessing = 0;
		};
		DB39057B24EEFE2E001B8092 /* Resources */ = {
			isa = PBXResourcesBuildPhase;
			buildActionMask = 2147483647;
			files = (
			);
			runOnlyForDeploymentPostprocessing = 0;
		};
		DB39058624EEFE2E001B8092 /* Resources */ = {
			isa = PBXResourcesBuildPhase;
			buildActionMask = 2147483647;
			files = (
			);
			runOnlyForDeploymentPostprocessing = 0;
		};
/* End PBXResourcesBuildPhase section */

/* Begin PBXShellScriptBuildPhase section */
		684892B2C6B4FB24F9B79984 /* [CP] Embed Pods Frameworks */ = {
			isa = PBXShellScriptBuildPhase;
			buildActionMask = 2147483647;
			files = (
			);
			inputFileListPaths = (
				"${PODS_ROOT}/Target Support Files/Pods-Mobillium Movie-Mobillium MovieUITests/Pods-Mobillium Movie-Mobillium MovieUITests-frameworks-${CONFIGURATION}-input-files.xcfilelist",
			);
			name = "[CP] Embed Pods Frameworks";
			outputFileListPaths = (
				"${PODS_ROOT}/Target Support Files/Pods-Mobillium Movie-Mobillium MovieUITests/Pods-Mobillium Movie-Mobillium MovieUITests-frameworks-${CONFIGURATION}-output-files.xcfilelist",
			);
			runOnlyForDeploymentPostprocessing = 0;
			shellPath = /bin/sh;
			shellScript = "\"${PODS_ROOT}/Target Support Files/Pods-Mobillium Movie-Mobillium MovieUITests/Pods-Mobillium Movie-Mobillium MovieUITests-frameworks.sh\"\n";
			showEnvVarsInLog = 0;
		};
		945F7BE697155B06D67EF739 /* [CP] Check Pods Manifest.lock */ = {
			isa = PBXShellScriptBuildPhase;
			buildActionMask = 2147483647;
			files = (
			);
			inputFileListPaths = (
			);
			inputPaths = (
				"${PODS_PODFILE_DIR_PATH}/Podfile.lock",
				"${PODS_ROOT}/Manifest.lock",
			);
			name = "[CP] Check Pods Manifest.lock";
			outputFileListPaths = (
			);
			outputPaths = (
				"$(DERIVED_FILE_DIR)/Pods-Mobillium Movie-checkManifestLockResult.txt",
			);
			runOnlyForDeploymentPostprocessing = 0;
			shellPath = /bin/sh;
			shellScript = "diff \"${PODS_PODFILE_DIR_PATH}/Podfile.lock\" \"${PODS_ROOT}/Manifest.lock\" > /dev/null\nif [ $? != 0 ] ; then\n    # print error to STDERR\n    echo \"error: The sandbox is not in sync with the Podfile.lock. Run 'pod install' or update your CocoaPods installation.\" >&2\n    exit 1\nfi\n# This output is used by Xcode 'outputs' to avoid re-running this script phase.\necho \"SUCCESS\" > \"${SCRIPT_OUTPUT_FILE_0}\"\n";
			showEnvVarsInLog = 0;
		};
		C7EC51B7B57E6D6E63675F97 /* [CP] Check Pods Manifest.lock */ = {
			isa = PBXShellScriptBuildPhase;
			buildActionMask = 2147483647;
			files = (
			);
			inputFileListPaths = (
			);
			inputPaths = (
				"${PODS_PODFILE_DIR_PATH}/Podfile.lock",
				"${PODS_ROOT}/Manifest.lock",
			);
			name = "[CP] Check Pods Manifest.lock";
			outputFileListPaths = (
			);
			outputPaths = (
				"$(DERIVED_FILE_DIR)/Pods-Mobillium Movie-Mobillium MovieUITests-checkManifestLockResult.txt",
			);
			runOnlyForDeploymentPostprocessing = 0;
			shellPath = /bin/sh;
			shellScript = "diff \"${PODS_PODFILE_DIR_PATH}/Podfile.lock\" \"${PODS_ROOT}/Manifest.lock\" > /dev/null\nif [ $? != 0 ] ; then\n    # print error to STDERR\n    echo \"error: The sandbox is not in sync with the Podfile.lock. Run 'pod install' or update your CocoaPods installation.\" >&2\n    exit 1\nfi\n# This output is used by Xcode 'outputs' to avoid re-running this script phase.\necho \"SUCCESS\" > \"${SCRIPT_OUTPUT_FILE_0}\"\n";
			showEnvVarsInLog = 0;
		};
		D6CDA4FBA834401ED95684ED /* [CP] Embed Pods Frameworks */ = {
			isa = PBXShellScriptBuildPhase;
			buildActionMask = 2147483647;
			files = (
			);
			inputFileListPaths = (
				"${PODS_ROOT}/Target Support Files/Pods-Mobillium Movie/Pods-Mobillium Movie-frameworks-${CONFIGURATION}-input-files.xcfilelist",
			);
			name = "[CP] Embed Pods Frameworks";
			outputFileListPaths = (
				"${PODS_ROOT}/Target Support Files/Pods-Mobillium Movie/Pods-Mobillium Movie-frameworks-${CONFIGURATION}-output-files.xcfilelist",
			);
			runOnlyForDeploymentPostprocessing = 0;
			shellPath = /bin/sh;
			shellScript = "\"${PODS_ROOT}/Target Support Files/Pods-Mobillium Movie/Pods-Mobillium Movie-frameworks.sh\"\n";
			showEnvVarsInLog = 0;
		};
		E9C54DC1257E1F108AD1675A /* [CP] Check Pods Manifest.lock */ = {
			isa = PBXShellScriptBuildPhase;
			buildActionMask = 2147483647;
			files = (
			);
			inputFileListPaths = (
			);
			inputPaths = (
				"${PODS_PODFILE_DIR_PATH}/Podfile.lock",
				"${PODS_ROOT}/Manifest.lock",
			);
			name = "[CP] Check Pods Manifest.lock";
			outputFileListPaths = (
			);
			outputPaths = (
				"$(DERIVED_FILE_DIR)/Pods-Mobillium MovieTests-checkManifestLockResult.txt",
			);
			runOnlyForDeploymentPostprocessing = 0;
			shellPath = /bin/sh;
			shellScript = "diff \"${PODS_PODFILE_DIR_PATH}/Podfile.lock\" \"${PODS_ROOT}/Manifest.lock\" > /dev/null\nif [ $? != 0 ] ; then\n    # print error to STDERR\n    echo \"error: The sandbox is not in sync with the Podfile.lock. Run 'pod install' or update your CocoaPods installation.\" >&2\n    exit 1\nfi\n# This output is used by Xcode 'outputs' to avoid re-running this script phase.\necho \"SUCCESS\" > \"${SCRIPT_OUTPUT_FILE_0}\"\n";
			showEnvVarsInLog = 0;
		};
/* End PBXShellScriptBuildPhase section */

/* Begin PBXSourcesBuildPhase section */
		DB39056324EEFE2C001B8092 /* Sources */ = {
			isa = PBXSourcesBuildPhase;
			buildActionMask = 2147483647;
			files = (
				DB39056F24EEFE2C001B8092 /* ViewController.swift in Sources */,
				DB39056B24EEFE2C001B8092 /* AppDelegate.swift in Sources */,
			);
			runOnlyForDeploymentPostprocessing = 0;
		};
		DB39057924EEFE2E001B8092 /* Sources */ = {
			isa = PBXSourcesBuildPhase;
			buildActionMask = 2147483647;
			files = (
				DB39058224EEFE2E001B8092 /* Mobillium_MovieTests.swift in Sources */,
			);
			runOnlyForDeploymentPostprocessing = 0;
		};
		DB39058424EEFE2E001B8092 /* Sources */ = {
			isa = PBXSourcesBuildPhase;
			buildActionMask = 2147483647;
			files = (
				DB39058D24EEFE2E001B8092 /* Mobillium_MovieUITests.swift in Sources */,
			);
			runOnlyForDeploymentPostprocessing = 0;
		};
/* End PBXSourcesBuildPhase section */

/* Begin PBXTargetDependency section */
		DB39057F24EEFE2E001B8092 /* PBXTargetDependency */ = {
			isa = PBXTargetDependency;
			target = DB39056624EEFE2C001B8092 /* Mobillium Movie */;
			targetProxy = DB39057E24EEFE2E001B8092 /* PBXContainerItemProxy */;
		};
		DB39058A24EEFE2E001B8092 /* PBXTargetDependency */ = {
			isa = PBXTargetDependency;
			target = DB39056624EEFE2C001B8092 /* Mobillium Movie */;
			targetProxy = DB39058924EEFE2E001B8092 /* PBXContainerItemProxy */;
		};
/* End PBXTargetDependency section */

/* Begin PBXVariantGroup section */
		DB39057524EEFE2E001B8092 /* LaunchScreen.storyboard */ = {
			isa = PBXVariantGroup;
			children = (
				DB39057624EEFE2E001B8092 /* Base */,
			);
			name = LaunchScreen.storyboard;
			sourceTree = "<group>";
		};
/* End PBXVariantGroup section */

/* Begin XCBuildConfiguration section */
		DB39058F24EEFE2E001B8092 /* Debug */ = {
			isa = XCBuildConfiguration;
			buildSettings = {
				ALWAYS_SEARCH_USER_PATHS = NO;
				CLANG_ANALYZER_NONNULL = YES;
				CLANG_ANALYZER_NUMBER_OBJECT_CONVERSION = YES_AGGRESSIVE;
				CLANG_CXX_LANGUAGE_STANDARD = "gnu++14";
				CLANG_CXX_LIBRARY = "libc++";
				CLANG_ENABLE_MODULES = YES;
				CLANG_ENABLE_OBJC_ARC = YES;
				CLANG_ENABLE_OBJC_WEAK = YES;
				CLANG_WARN_BLOCK_CAPTURE_AUTORELEASING = YES;
				CLANG_WARN_BOOL_CONVERSION = YES;
				CLANG_WARN_COMMA = YES;
				CLANG_WARN_CONSTANT_CONVERSION = YES;
				CLANG_WARN_DEPRECATED_OBJC_IMPLEMENTATIONS = YES;
				CLANG_WARN_DIRECT_OBJC_ISA_USAGE = YES_ERROR;
				CLANG_WARN_DOCUMENTATION_COMMENTS = YES;
				CLANG_WARN_EMPTY_BODY = YES;
				CLANG_WARN_ENUM_CONVERSION = YES;
				CLANG_WARN_INFINITE_RECURSION = YES;
				CLANG_WARN_INT_CONVERSION = YES;
				CLANG_WARN_NON_LITERAL_NULL_CONVERSION = YES;
				CLANG_WARN_OBJC_IMPLICIT_RETAIN_SELF = YES;
				CLANG_WARN_OBJC_LITERAL_CONVERSION = YES;
				CLANG_WARN_OBJC_ROOT_CLASS = YES_ERROR;
				CLANG_WARN_RANGE_LOOP_ANALYSIS = YES;
				CLANG_WARN_STRICT_PROTOTYPES = YES;
				CLANG_WARN_SUSPICIOUS_MOVE = YES;
				CLANG_WARN_UNGUARDED_AVAILABILITY = YES_AGGRESSIVE;
				CLANG_WARN_UNREACHABLE_CODE = YES;
				CLANG_WARN__DUPLICATE_METHOD_MATCH = YES;
				COPY_PHASE_STRIP = NO;
				DEBUG_INFORMATION_FORMAT = dwarf;
				ENABLE_STRICT_OBJC_MSGSEND = YES;
				ENABLE_TESTABILITY = YES;
				GCC_C_LANGUAGE_STANDARD = gnu11;
				GCC_DYNAMIC_NO_PIC = NO;
				GCC_NO_COMMON_BLOCKS = YES;
				GCC_OPTIMIZATION_LEVEL = 0;
				GCC_PREPROCESSOR_DEFINITIONS = (
					"DEBUG=1",
					"$(inherited)",
				);
				GCC_WARN_64_TO_32_BIT_CONVERSION = YES;
				GCC_WARN_ABOUT_RETURN_TYPE = YES_ERROR;
				GCC_WARN_UNDECLARED_SELECTOR = YES;
				GCC_WARN_UNINITIALIZED_AUTOS = YES_AGGRESSIVE;
				GCC_WARN_UNUSED_FUNCTION = YES;
				GCC_WARN_UNUSED_VARIABLE = YES;
				IPHONEOS_DEPLOYMENT_TARGET = 13.6;
				MTL_ENABLE_DEBUG_INFO = INCLUDE_SOURCE;
				MTL_FAST_MATH = YES;
				ONLY_ACTIVE_ARCH = YES;
				SDKROOT = iphoneos;
				SWIFT_ACTIVE_COMPILATION_CONDITIONS = DEBUG;
				SWIFT_OPTIMIZATION_LEVEL = "-Onone";
			};
			name = Debug;
		};
		DB39059024EEFE2E001B8092 /* Release */ = {
			isa = XCBuildConfiguration;
			buildSettings = {
				ALWAYS_SEARCH_USER_PATHS = NO;
				CLANG_ANALYZER_NONNULL = YES;
				CLANG_ANALYZER_NUMBER_OBJECT_CONVERSION = YES_AGGRESSIVE;
				CLANG_CXX_LANGUAGE_STANDARD = "gnu++14";
				CLANG_CXX_LIBRARY = "libc++";
				CLANG_ENABLE_MODULES = YES;
				CLANG_ENABLE_OBJC_ARC = YES;
				CLANG_ENABLE_OBJC_WEAK = YES;
				CLANG_WARN_BLOCK_CAPTURE_AUTORELEASING = YES;
				CLANG_WARN_BOOL_CONVERSION = YES;
				CLANG_WARN_COMMA = YES;
				CLANG_WARN_CONSTANT_CONVERSION = YES;
				CLANG_WARN_DEPRECATED_OBJC_IMPLEMENTATIONS = YES;
				CLANG_WARN_DIRECT_OBJC_ISA_USAGE = YES_ERROR;
				CLANG_WARN_DOCUMENTATION_COMMENTS = YES;
				CLANG_WARN_EMPTY_BODY = YES;
				CLANG_WARN_ENUM_CONVERSION = YES;
				CLANG_WARN_INFINITE_RECURSION = YES;
				CLANG_WARN_INT_CONVERSION = YES;
				CLANG_WARN_NON_LITERAL_NULL_CONVERSION = YES;
				CLANG_WARN_OBJC_IMPLICIT_RETAIN_SELF = YES;
				CLANG_WARN_OBJC_LITERAL_CONVERSION = YES;
				CLANG_WARN_OBJC_ROOT_CLASS = YES_ERROR;
				CLANG_WARN_RANGE_LOOP_ANALYSIS = YES;
				CLANG_WARN_STRICT_PROTOTYPES = YES;
				CLANG_WARN_SUSPICIOUS_MOVE = YES;
				CLANG_WARN_UNGUARDED_AVAILABILITY = YES_AGGRESSIVE;
				CLANG_WARN_UNREACHABLE_CODE = YES;
				CLANG_WARN__DUPLICATE_METHOD_MATCH = YES;
				COPY_PHASE_STRIP = NO;
				DEBUG_INFORMATION_FORMAT = "dwarf-with-dsym";
				ENABLE_NS_ASSERTIONS = NO;
				ENABLE_STRICT_OBJC_MSGSEND = YES;
				GCC_C_LANGUAGE_STANDARD = gnu11;
				GCC_NO_COMMON_BLOCKS = YES;
				GCC_WARN_64_TO_32_BIT_CONVERSION = YES;
				GCC_WARN_ABOUT_RETURN_TYPE = YES_ERROR;
				GCC_WARN_UNDECLARED_SELECTOR = YES;
				GCC_WARN_UNINITIALIZED_AUTOS = YES_AGGRESSIVE;
				GCC_WARN_UNUSED_FUNCTION = YES;
				GCC_WARN_UNUSED_VARIABLE = YES;
				IPHONEOS_DEPLOYMENT_TARGET = 13.6;
				MTL_ENABLE_DEBUG_INFO = NO;
				MTL_FAST_MATH = YES;
				SDKROOT = iphoneos;
				SWIFT_COMPILATION_MODE = wholemodule;
				SWIFT_OPTIMIZATION_LEVEL = "-O";
				VALIDATE_PRODUCT = YES;
			};
			name = Release;
		};
		DB39059224EEFE2E001B8092 /* Debug */ = {
			isa = XCBuildConfiguration;
			baseConfigurationReference = D0EBB19FBA609D4233A6E36E /* Pods-Mobillium Movie.debug.xcconfig */;
			buildSettings = {
				ASSETCATALOG_COMPILER_APPICON_NAME = AppIcon;
				CODE_SIGN_STYLE = Automatic;
				DEVELOPMENT_TEAM = 2L9L899V66;
				INFOPLIST_FILE = "Mobillium Movie/Info.plist";
				LD_RUNPATH_SEARCH_PATHS = (
					"$(inherited)",
					"@executable_path/Frameworks",
				);
				PRODUCT_BUNDLE_IDENTIFIER = "com.memtarhan.Mobillium-Movie";
				PRODUCT_NAME = "$(TARGET_NAME)";
				SWIFT_VERSION = 5.0;
				TARGETED_DEVICE_FAMILY = "1,2";
			};
			name = Debug;
		};
		DB39059324EEFE2E001B8092 /* Release */ = {
			isa = XCBuildConfiguration;
			baseConfigurationReference = 10262F008D2AE3C167E6922B /* Pods-Mobillium Movie.release.xcconfig */;
			buildSettings = {
				ASSETCATALOG_COMPILER_APPICON_NAME = AppIcon;
				CODE_SIGN_STYLE = Automatic;
				DEVELOPMENT_TEAM = 2L9L899V66;
				INFOPLIST_FILE = "Mobillium Movie/Info.plist";
				LD_RUNPATH_SEARCH_PATHS = (
					"$(inherited)",
					"@executable_path/Frameworks",
				);
				PRODUCT_BUNDLE_IDENTIFIER = "com.memtarhan.Mobillium-Movie";
				PRODUCT_NAME = "$(TARGET_NAME)";
				SWIFT_VERSION = 5.0;
				TARGETED_DEVICE_FAMILY = "1,2";
			};
			name = Release;
		};
		DB39059524EEFE2E001B8092 /* Debug */ = {
			isa = XCBuildConfiguration;
			baseConfigurationReference = 206469A3CF9A929968FFA82B /* Pods-Mobillium MovieTests.debug.xcconfig */;
			buildSettings = {
				ALWAYS_EMBED_SWIFT_STANDARD_LIBRARIES = YES;
				BUNDLE_LOADER = "$(TEST_HOST)";
				CODE_SIGN_STYLE = Automatic;
				DEVELOPMENT_TEAM = 2L9L899V66;
				INFOPLIST_FILE = "Mobillium MovieTests/Info.plist";
				IPHONEOS_DEPLOYMENT_TARGET = 13.6;
				LD_RUNPATH_SEARCH_PATHS = (
					"$(inherited)",
					"@executable_path/Frameworks",
					"@loader_path/Frameworks",
				);
				PRODUCT_BUNDLE_IDENTIFIER = "com.memtarhan.Mobillium-MovieTests";
				PRODUCT_NAME = "$(TARGET_NAME)";
				SWIFT_VERSION = 5.0;
				TARGETED_DEVICE_FAMILY = "1,2";
				TEST_HOST = "$(BUILT_PRODUCTS_DIR)/Mobillium Movie.app/Mobillium Movie";
			};
			name = Debug;
		};
		DB39059624EEFE2E001B8092 /* Release */ = {
			isa = XCBuildConfiguration;
			baseConfigurationReference = 354833F18073A4D0CCAD8072 /* Pods-Mobillium MovieTests.release.xcconfig */;
			buildSettings = {
				ALWAYS_EMBED_SWIFT_STANDARD_LIBRARIES = YES;
				BUNDLE_LOADER = "$(TEST_HOST)";
				CODE_SIGN_STYLE = Automatic;
				DEVELOPMENT_TEAM = 2L9L899V66;
				INFOPLIST_FILE = "Mobillium MovieTests/Info.plist";
				IPHONEOS_DEPLOYMENT_TARGET = 13.6;
				LD_RUNPATH_SEARCH_PATHS = (
					"$(inherited)",
					"@executable_path/Frameworks",
					"@loader_path/Frameworks",
				);
				PRODUCT_BUNDLE_IDENTIFIER = "com.memtarhan.Mobillium-MovieTests";
				PRODUCT_NAME = "$(TARGET_NAME)";
				SWIFT_VERSION = 5.0;
				TARGETED_DEVICE_FAMILY = "1,2";
				TEST_HOST = "$(BUILT_PRODUCTS_DIR)/Mobillium Movie.app/Mobillium Movie";
			};
			name = Release;
		};
		DB39059824EEFE2E001B8092 /* Debug */ = {
			isa = XCBuildConfiguration;
			baseConfigurationReference = 80CA16FCB63650D7B5F405BD /* Pods-Mobillium Movie-Mobillium MovieUITests.debug.xcconfig */;
			buildSettings = {
				ALWAYS_EMBED_SWIFT_STANDARD_LIBRARIES = YES;
				CODE_SIGN_STYLE = Automatic;
				DEVELOPMENT_TEAM = 2L9L899V66;
				INFOPLIST_FILE = "Mobillium MovieUITests/Info.plist";
				LD_RUNPATH_SEARCH_PATHS = (
					"$(inherited)",
					"@executable_path/Frameworks",
					"@loader_path/Frameworks",
				);
				PRODUCT_BUNDLE_IDENTIFIER = "com.memtarhan.Mobillium-MovieUITests";
				PRODUCT_NAME = "$(TARGET_NAME)";
				SWIFT_VERSION = 5.0;
				TARGETED_DEVICE_FAMILY = "1,2";
				TEST_TARGET_NAME = "Mobillium Movie";
			};
			name = Debug;
		};
		DB39059924EEFE2E001B8092 /* Release */ = {
			isa = XCBuildConfiguration;
			baseConfigurationReference = AFBEFA30492125004FE05464 /* Pods-Mobillium Movie-Mobillium MovieUITests.release.xcconfig */;
			buildSettings = {
				ALWAYS_EMBED_SWIFT_STANDARD_LIBRARIES = YES;
				CODE_SIGN_STYLE = Automatic;
				DEVELOPMENT_TEAM = 2L9L899V66;
				INFOPLIST_FILE = "Mobillium MovieUITests/Info.plist";
				LD_RUNPATH_SEARCH_PATHS = (
					"$(inherited)",
					"@executable_path/Frameworks",
					"@loader_path/Frameworks",
				);
				PRODUCT_BUNDLE_IDENTIFIER = "com.memtarhan.Mobillium-MovieUITests";
				PRODUCT_NAME = "$(TARGET_NAME)";
				SWIFT_VERSION = 5.0;
				TARGETED_DEVICE_FAMILY = "1,2";
				TEST_TARGET_NAME = "Mobillium Movie";
			};
			name = Release;
		};
/* End XCBuildConfiguration section */

/* Begin XCConfigurationList section */
		DB39056224EEFE2C001B8092 /* Build configuration list for PBXProject "Mobillium Movie" */ = {
			isa = XCConfigurationList;
			buildConfigurations = (
				DB39058F24EEFE2E001B8092 /* Debug */,
				DB39059024EEFE2E001B8092 /* Release */,
			);
			defaultConfigurationIsVisible = 0;
			defaultConfigurationName = Release;
		};
		DB39059124EEFE2E001B8092 /* Build configuration list for PBXNativeTarget "Mobillium Movie" */ = {
			isa = XCConfigurationList;
			buildConfigurations = (
				DB39059224EEFE2E001B8092 /* Debug */,
				DB39059324EEFE2E001B8092 /* Release */,
			);
			defaultConfigurationIsVisible = 0;
			defaultConfigurationName = Release;
		};
		DB39059424EEFE2E001B8092 /* Build configuration list for PBXNativeTarget "Mobillium MovieTests" */ = {
			isa = XCConfigurationList;
			buildConfigurations = (
				DB39059524EEFE2E001B8092 /* Debug */,
				DB39059624EEFE2E001B8092 /* Release */,
			);
			defaultConfigurationIsVisible = 0;
			defaultConfigurationName = Release;
		};
		DB39059724EEFE2E001B8092 /* Build configuration list for PBXNativeTarget "Mobillium MovieUITests" */ = {
			isa = XCConfigurationList;
			buildConfigurations = (
				DB39059824EEFE2E001B8092 /* Debug */,
				DB39059924EEFE2E001B8092 /* Release */,
			);
			defaultConfigurationIsVisible = 0;
			defaultConfigurationName = Release;
		};
/* End XCConfigurationList section */
	};
	rootObject = DB39055F24EEFE2C001B8092 /* Project object */;
}
